
Microsoft Visual Studio Solution File, Format Version 12.00
# Visual Studio Version 16
VisualStudioVersion = 16.0.30114.105
MinimumVisualStudioVersion = 10.0.40219.1
Project("{FAE04EC0-301F-11D3-BF4B-00C04F79EFBC}") = "R5T.T0126.Construction", "R5T.T0126.Construction\R5T.T0126.Construction.csproj", "{46A010C6-CB84-4665-8DB3-BA5D0C55EB26}"
EndProject
Project("{FAE04EC0-301F-11D3-BF4B-00C04F79EFBC}") = "R5T.T0126", "R5T.T0126\R5T.T0126.csproj", "{4D77E58E-0DEA-4184-AE9F-4F4C91AF131E}"
EndProject
Global
	GlobalSection(SolutionConfigurationPlatforms) = preSolution
		Debug|Any CPU = Debug|Any CPU
		Debug|x64 = Debug|x64
		Debug|x86 = Debug|x86
		Release|Any CPU = Release|Any CPU
		Release|x64 = Release|x64
		Release|x86 = Release|x86
	EndGlobalSection
	GlobalSection(SolutionProperties) = preSolution
		HideSolutionNode = FALSE
	EndGlobalSection
	GlobalSection(ProjectConfigurationPlatforms) = postSolution
		{46A010C6-CB84-4665-8DB3-BA5D0C55EB26}.Debug|Any CPU.ActiveCfg = Debug|Any CPU
		{46A010C6-CB84-4665-8DB3-BA5D0C55EB26}.Debug|Any CPU.Build.0 = Debug|Any CPU
		{46A010C6-CB84-4665-8DB3-BA5D0C55EB26}.Debug|x64.ActiveCfg = Debug|Any CPU
		{46A010C6-CB84-4665-8DB3-BA5D0C55EB26}.Debug|x64.Build.0 = Debug|Any CPU
		{46A010C6-CB84-4665-8DB3-BA5D0C55EB26}.Debug|x86.ActiveCfg = Debug|Any CPU
		{46A010C6-CB84-4665-8DB3-BA5D0C55EB26}.Debug|x86.Build.0 = Debug|Any CPU
		{46A010C6-CB84-4665-8DB3-BA5D0C55EB26}.Release|Any CPU.ActiveCfg = Release|Any CPU
		{46A010C6-CB84-4665-8DB3-BA5D0C55EB26}.Release|Any CPU.Build.0 = Release|Any CPU
		{46A010C6-CB84-4665-8DB3-BA5D0C55EB26}.Release|x64.ActiveCfg = Release|Any CPU
		{46A010C6-CB84-4665-8DB3-BA5D0C55EB26}.Release|x64.Build.0 = Release|Any CPU
		{46A010C6-CB84-4665-8DB3-BA5D0C55EB26}.Release|x86.ActiveCfg = Release|Any CPU
		{46A010C6-CB84-4665-8DB3-BA5D0C55EB26}.Release|x86.Build.0 = Release|Any CPU
		{4D77E58E-0DEA-4184-AE9F-4F4C91AF131E}.Debug|Any CPU.ActiveCfg = Debug|Any CPU
		{4D77E58E-0DEA-4184-AE9F-4F4C91AF131E}.Debug|Any CPU.Build.0 = Debug|Any CPU
		{4D77E58E-0DEA-4184-AE9F-4F4C91AF131E}.Debug|x64.ActiveCfg = Debug|Any CPU
		{4D77E58E-0DEA-4184-AE9F-4F4C91AF131E}.Debug|x64.Build.0 = Debug|Any CPU
		{4D77E58E-0DEA-4184-AE9F-4F4C91AF131E}.Debug|x86.ActiveCfg = Debug|Any CPU
		{4D77E58E-0DEA-4184-AE9F-4F4C91AF131E}.Debug|x86.Build.0 = Debug|Any CPU
		{4D77E58E-0DEA-4184-AE9F-4F4C91AF131E}.Release|Any CPU.ActiveCfg = Release|Any CPU
		{4D77E58E-0DEA-4184-AE9F-4F4C91AF131E}.Release|Any CPU.Build.0 = Release|Any CPU
		{4D77E58E-0DEA-4184-AE9F-4F4C91AF131E}.Release|x64.ActiveCfg = Release|Any CPU
		{4D77E58E-0DEA-4184-AE9F-4F4C91AF131E}.Release|x64.Build.0 = Release|Any CPU
		{4D77E58E-0DEA-4184-AE9F-4F4C91AF131E}.Release|x86.ActiveCfg = Release|Any CPU
		{4D77E58E-0DEA-4184-AE9F-4F4C91AF131E}.Release|x86.Build.0 = Release|Any CPU
	EndGlobalSection
EndGlobal
