
Microsoft Visual Studio Solution File, Format Version 12.00
# Visual Studio Version 16
VisualStudioVersion = 16.0.30114.105
MinimumVisualStudioVersion = 10.0.40219.1
Project("{9A19103F-16F7-4668-BE54-9A1E7A4F7556}") = "R5T.T0126", "R5T.T0126\R5T.T0126.csproj", "{56C94444-83B4-4FB5-9D23-3F3437756170}"
EndProject
Project("{2150E333-8FDC-42A3-9474-1A3956D46DE8}") = "_Dependencies", "_Dependencies", "{008DB257-32E8-4B22-B5D5-2519AF502BFA}"
EndProject
Project("{9A19103F-16F7-4668-BE54-9A1E7A4F7556}") = "R5T.L0011", "..\..\R5T.L0011\source\R5T.L0011\R5T.L0011.csproj", "{0D1A7686-586E-4D09-AB03-A2273CFDC312}"
EndProject
Project("{9A19103F-16F7-4668-BE54-9A1E7A4F7556}") = "R5T.L0011.X000", "..\..\R5T.L0011\source\R5T.L0011.X000\R5T.L0011.X000.csproj", "{3E29DC48-25DA-4146-9F7C-743A6B526ED1}"
EndProject
Project("{9A19103F-16F7-4668-BE54-9A1E7A4F7556}") = "R5T.L0011.X002", "..\..\R5T.L0011\source\R5T.L0011.X002\R5T.L0011.X002.csproj", "{778916C5-3409-420E-BF4A-CA62A7947696}"
EndProject
Project("{9A19103F-16F7-4668-BE54-9A1E7A4F7556}") = "R5T.T0126.X001", "R5T.T0126.X001\R5T.T0126.X001.csproj", "{FA7D03C8-6ECE-4121-BE75-3FCD23667AEB}"
EndProject
Project("{9A19103F-16F7-4668-BE54-9A1E7A4F7556}") = "R5T.Magyar", "..\..\R5T.Magyar\source\R5T.Magyar\R5T.Magyar.csproj", "{FA7EFC0B-36BA-4B0C-81F9-9EE677220BF6}"
EndProject
Project("{9A19103F-16F7-4668-BE54-9A1E7A4F7556}") = "R5T.T0034.X001", "..\..\R5T.T0034\source\R5T.T0034.X001\R5T.T0034.X001.csproj", "{5F5F1CCD-3AA6-45C1-90F7-11C014F3C193}"
EndProject
Project("{9A19103F-16F7-4668-BE54-9A1E7A4F7556}") = "R5T.Magyar.T002", "..\..\R5T.Magyar\source\R5T.Magyar.T002\R5T.Magyar.T002.csproj", "{229B9E50-0144-417D-B61C-8429A2A4D94E}"
EndProject
Project("{9A19103F-16F7-4668-BE54-9A1E7A4F7556}") = "R5T.T0039.T002", "..\..\R5T.T0039\source\R5T.T0039.T002\R5T.T0039.T002.csproj", "{3100E719-DAF9-4718-8409-258B329AF60A}"
EndProject
Project("{9A19103F-16F7-4668-BE54-9A1E7A4F7556}") = "R5T.T0034", "..\..\R5T.T0034\source\R5T.T0034\R5T.T0034.csproj", "{08FB8F0E-A33C-451D-A5E0-6359C93D2B5C}"
EndProject
Project("{9A19103F-16F7-4668-BE54-9A1E7A4F7556}") = "R5T.T0060", "..\..\R5T.T0060\source\R5T.T0060\R5T.T0060.csproj", "{F1CC97EB-E7D6-4157-9C29-A97A2B0B02A1}"
EndProject
Project("{9A19103F-16F7-4668-BE54-9A1E7A4F7556}") = "R5T.L0011.T001.X001", "..\..\R5T.L0011\source\R5T.L0011.T001.X001\R5T.L0011.T001.X001.csproj", "{081553D2-39BD-4B56-9B2B-553347EAED2C}"
EndProject
Project("{9A19103F-16F7-4668-BE54-9A1E7A4F7556}") = "R5T.L0011.T001.X000", "..\..\R5T.L0011\source\R5T.L0011.T001.X000\R5T.L0011.T001.X000.csproj", "{82C0EC9A-C0BE-41A1-9DD1-6AA0B4715F7A}"
EndProject
Project("{9A19103F-16F7-4668-BE54-9A1E7A4F7556}") = "R5T.L0011.T001", "..\..\R5T.L0011\source\R5T.L0011.T001\R5T.L0011.T001.csproj", "{C7EB4E23-2164-4513-A147-4FFA843CD3BA}"
EndProject
Project("{9A19103F-16F7-4668-BE54-9A1E7A4F7556}") = "R5T.L0011.X001", "..\..\R5T.L0011\source\R5T.L0011.X001\R5T.L0011.X001.csproj", "{19EB4697-2CEA-4D48-BC2B-A84F931CE765}"
EndProject
Project("{9A19103F-16F7-4668-BE54-9A1E7A4F7556}") = "R5T.L0011.X001-1", "..\..\R5T.L0011\source\R5T.L0011.X001-1\R5T.L0011.X001-1.csproj", "{554577B2-7C61-4259-ACE9-52CF972882A5}"
EndProject
Project("{9A19103F-16F7-4668-BE54-9A1E7A4F7556}") = "R5T.T0045", "..\..\R5T.T0045\source\R5T.T0045\R5T.T0045.csproj", "{725F0AB9-9C90-4AA3-B85A-C70AB8C75C96}"
EndProject
Project("{9A19103F-16F7-4668-BE54-9A1E7A4F7556}") = "R5T.L0011.T002.X001", "..\..\R5T.L0011\source\R5T.L0011.T002.X001\R5T.L0011.T002.X001.csproj", "{BAEF2852-CFF4-45CF-9A57-2CF0E6671DB6}"
EndProject
Project("{9A19103F-16F7-4668-BE54-9A1E7A4F7556}") = "R5T.L0011.T002", "..\..\R5T.L0011\source\R5T.L0011.T002\R5T.L0011.T002.csproj", "{814EC8F6-AB52-4CAD-8F82-5D633F4637B9}"
EndProject
Project("{9A19103F-16F7-4668-BE54-9A1E7A4F7556}") = "R5T.L0011.T003", "..\..\R5T.L0011\source\R5T.L0011.T003\R5T.L0011.T003.csproj", "{099AEF01-2F33-4D3D-99D3-A4F373C7A431}"
EndProject
Project("{9A19103F-16F7-4668-BE54-9A1E7A4F7556}") = "R5T.L0011.T004", "..\..\R5T.L0011\source\R5T.L0011.T004\R5T.L0011.T004.csproj", "{28BC3B9F-BA55-45C8-AB25-E7DFC54E49A8}"
EndProject
Project("{9A19103F-16F7-4668-BE54-9A1E7A4F7556}") = "R5T.T0034.X009", "..\..\R5T.T0034\source\R5T.T0034.X009\R5T.T0034.X009.csproj", "{FD9CACC3-972F-4738-B049-79DE0A839FAB}"
EndProject
Project("{9A19103F-16F7-4668-BE54-9A1E7A4F7556}") = "R5T.T0035.X003", "..\..\R5T.T0035\source\R5T.T0035.X003\R5T.T0035.X003.csproj", "{4B10E30F-5FDD-4E30-BA5E-54173A1ED2B0}"
EndProject
Project("{9A19103F-16F7-4668-BE54-9A1E7A4F7556}") = "R5T.T0035", "..\..\R5T.T0035\source\R5T.T0035\R5T.T0035.csproj", "{5BF88D5C-38BA-4A55-867A-40D32A4F1897}"
EndProject
Project("{9A19103F-16F7-4668-BE54-9A1E7A4F7556}") = "R5T.X0006", "..\..\R5T.X0006\source\R5T.X0006\R5T.X0006.csproj", "{AED8FD24-B4B7-4357-9424-A12E27E03DE9}"
EndProject
Project("{9A19103F-16F7-4668-BE54-9A1E7A4F7556}") = "R5T.L0011.X005", "..\..\R5T.L0011\source\R5T.L0011.X005\R5T.L0011.X005.csproj", "{A5013597-BBF5-431B-A5BC-3EEE68A4749A}"
EndProject
Project("{9A19103F-16F7-4668-BE54-9A1E7A4F7556}") = "R5T.T0098", "..\..\R5T.T0098\source\R5T.T0098\R5T.T0098.csproj", "{064A2D60-050D-4C6F-AAE7-E48F961F9DA8}"
EndProject
Project("{9A19103F-16F7-4668-BE54-9A1E7A4F7556}") = "R5T.X0006.X001", "..\..\R5T.X0006\source\R5T.X0006.X001\R5T.X0006.X001.csproj", "{F98233F5-6634-4AC2-817A-C74580E17269}"
EndProject
Project("{9A19103F-16F7-4668-BE54-9A1E7A4F7556}") = "R5T.X0006.X000", "..\..\R5T.X0006\source\R5T.X0006.X000\R5T.X0006.X000.csproj", "{D7984344-1203-4D81-AC1C-C8F2D057D239}"
EndProject
Global
	GlobalSection(SolutionConfigurationPlatforms) = preSolution
		Debug|Any CPU = Debug|Any CPU
		Debug|x64 = Debug|x64
		Debug|x86 = Debug|x86
		Release|Any CPU = Release|Any CPU
		Release|x64 = Release|x64
		Release|x86 = Release|x86
	EndGlobalSection
	GlobalSection(ProjectConfigurationPlatforms) = postSolution
		{56C94444-83B4-4FB5-9D23-3F3437756170}.Debug|Any CPU.ActiveCfg = Debug|Any CPU
		{56C94444-83B4-4FB5-9D23-3F3437756170}.Debug|Any CPU.Build.0 = Debug|Any CPU
		{56C94444-83B4-4FB5-9D23-3F3437756170}.Debug|x64.ActiveCfg = Debug|Any CPU
		{56C94444-83B4-4FB5-9D23-3F3437756170}.Debug|x64.Build.0 = Debug|Any CPU
		{56C94444-83B4-4FB5-9D23-3F3437756170}.Debug|x86.ActiveCfg = Debug|Any CPU
		{56C94444-83B4-4FB5-9D23-3F3437756170}.Debug|x86.Build.0 = Debug|Any CPU
		{56C94444-83B4-4FB5-9D23-3F3437756170}.Release|Any CPU.ActiveCfg = Release|Any CPU
		{56C94444-83B4-4FB5-9D23-3F3437756170}.Release|Any CPU.Build.0 = Release|Any CPU
		{56C94444-83B4-4FB5-9D23-3F3437756170}.Release|x64.ActiveCfg = Release|Any CPU
		{56C94444-83B4-4FB5-9D23-3F3437756170}.Release|x64.Build.0 = Release|Any CPU
		{56C94444-83B4-4FB5-9D23-3F3437756170}.Release|x86.ActiveCfg = Release|Any CPU
		{56C94444-83B4-4FB5-9D23-3F3437756170}.Release|x86.Build.0 = Release|Any CPU
		{0D1A7686-586E-4D09-AB03-A2273CFDC312}.Debug|Any CPU.ActiveCfg = Debug|Any CPU
		{0D1A7686-586E-4D09-AB03-A2273CFDC312}.Debug|Any CPU.Build.0 = Debug|Any CPU
		{0D1A7686-586E-4D09-AB03-A2273CFDC312}.Debug|x64.ActiveCfg = Debug|Any CPU
		{0D1A7686-586E-4D09-AB03-A2273CFDC312}.Debug|x64.Build.0 = Debug|Any CPU
		{0D1A7686-586E-4D09-AB03-A2273CFDC312}.Debug|x86.ActiveCfg = Debug|Any CPU
		{0D1A7686-586E-4D09-AB03-A2273CFDC312}.Debug|x86.Build.0 = Debug|Any CPU
		{0D1A7686-586E-4D09-AB03-A2273CFDC312}.Release|Any CPU.ActiveCfg = Release|Any CPU
		{0D1A7686-586E-4D09-AB03-A2273CFDC312}.Release|Any CPU.Build.0 = Release|Any CPU
		{0D1A7686-586E-4D09-AB03-A2273CFDC312}.Release|x64.ActiveCfg = Release|Any CPU
		{0D1A7686-586E-4D09-AB03-A2273CFDC312}.Release|x64.Build.0 = Release|Any CPU
		{0D1A7686-586E-4D09-AB03-A2273CFDC312}.Release|x86.ActiveCfg = Release|Any CPU
		{0D1A7686-586E-4D09-AB03-A2273CFDC312}.Release|x86.Build.0 = Release|Any CPU
		{3E29DC48-25DA-4146-9F7C-743A6B526ED1}.Debug|Any CPU.ActiveCfg = Debug|Any CPU
		{3E29DC48-25DA-4146-9F7C-743A6B526ED1}.Debug|Any CPU.Build.0 = Debug|Any CPU
		{3E29DC48-25DA-4146-9F7C-743A6B526ED1}.Debug|x64.ActiveCfg = Debug|Any CPU
		{3E29DC48-25DA-4146-9F7C-743A6B526ED1}.Debug|x64.Build.0 = Debug|Any CPU
		{3E29DC48-25DA-4146-9F7C-743A6B526ED1}.Debug|x86.ActiveCfg = Debug|Any CPU
		{3E29DC48-25DA-4146-9F7C-743A6B526ED1}.Debug|x86.Build.0 = Debug|Any CPU
		{3E29DC48-25DA-4146-9F7C-743A6B526ED1}.Release|Any CPU.ActiveCfg = Release|Any CPU
		{3E29DC48-25DA-4146-9F7C-743A6B526ED1}.Release|Any CPU.Build.0 = Release|Any CPU
		{3E29DC48-25DA-4146-9F7C-743A6B526ED1}.Release|x64.ActiveCfg = Release|Any CPU
		{3E29DC48-25DA-4146-9F7C-743A6B526ED1}.Release|x64.Build.0 = Release|Any CPU
		{3E29DC48-25DA-4146-9F7C-743A6B526ED1}.Release|x86.ActiveCfg = Release|Any CPU
		{3E29DC48-25DA-4146-9F7C-743A6B526ED1}.Release|x86.Build.0 = Release|Any CPU
		{778916C5-3409-420E-BF4A-CA62A7947696}.Debug|Any CPU.ActiveCfg = Debug|Any CPU
		{778916C5-3409-420E-BF4A-CA62A7947696}.Debug|Any CPU.Build.0 = Debug|Any CPU
		{778916C5-3409-420E-BF4A-CA62A7947696}.Debug|x64.ActiveCfg = Debug|Any CPU
		{778916C5-3409-420E-BF4A-CA62A7947696}.Debug|x64.Build.0 = Debug|Any CPU
		{778916C5-3409-420E-BF4A-CA62A7947696}.Debug|x86.ActiveCfg = Debug|Any CPU
		{778916C5-3409-420E-BF4A-CA62A7947696}.Debug|x86.Build.0 = Debug|Any CPU
		{778916C5-3409-420E-BF4A-CA62A7947696}.Release|Any CPU.ActiveCfg = Release|Any CPU
		{778916C5-3409-420E-BF4A-CA62A7947696}.Release|Any CPU.Build.0 = Release|Any CPU
		{778916C5-3409-420E-BF4A-CA62A7947696}.Release|x64.ActiveCfg = Release|Any CPU
		{778916C5-3409-420E-BF4A-CA62A7947696}.Release|x64.Build.0 = Release|Any CPU
		{778916C5-3409-420E-BF4A-CA62A7947696}.Release|x86.ActiveCfg = Release|Any CPU
		{778916C5-3409-420E-BF4A-CA62A7947696}.Release|x86.Build.0 = Release|Any CPU
		{FA7D03C8-6ECE-4121-BE75-3FCD23667AEB}.Debug|Any CPU.ActiveCfg = Debug|Any CPU
		{FA7D03C8-6ECE-4121-BE75-3FCD23667AEB}.Debug|Any CPU.Build.0 = Debug|Any CPU
		{FA7D03C8-6ECE-4121-BE75-3FCD23667AEB}.Debug|x64.ActiveCfg = Debug|Any CPU
		{FA7D03C8-6ECE-4121-BE75-3FCD23667AEB}.Debug|x64.Build.0 = Debug|Any CPU
		{FA7D03C8-6ECE-4121-BE75-3FCD23667AEB}.Debug|x86.ActiveCfg = Debug|Any CPU
		{FA7D03C8-6ECE-4121-BE75-3FCD23667AEB}.Debug|x86.Build.0 = Debug|Any CPU
		{FA7D03C8-6ECE-4121-BE75-3FCD23667AEB}.Release|Any CPU.ActiveCfg = Release|Any CPU
		{FA7D03C8-6ECE-4121-BE75-3FCD23667AEB}.Release|Any CPU.Build.0 = Release|Any CPU
		{FA7D03C8-6ECE-4121-BE75-3FCD23667AEB}.Release|x64.ActiveCfg = Release|Any CPU
		{FA7D03C8-6ECE-4121-BE75-3FCD23667AEB}.Release|x64.Build.0 = Release|Any CPU
		{FA7D03C8-6ECE-4121-BE75-3FCD23667AEB}.Release|x86.ActiveCfg = Release|Any CPU
		{FA7D03C8-6ECE-4121-BE75-3FCD23667AEB}.Release|x86.Build.0 = Release|Any CPU
		{FA7EFC0B-36BA-4B0C-81F9-9EE677220BF6}.Debug|Any CPU.ActiveCfg = Debug|Any CPU
		{FA7EFC0B-36BA-4B0C-81F9-9EE677220BF6}.Debug|Any CPU.Build.0 = Debug|Any CPU
		{FA7EFC0B-36BA-4B0C-81F9-9EE677220BF6}.Debug|x64.ActiveCfg = Debug|Any CPU
		{FA7EFC0B-36BA-4B0C-81F9-9EE677220BF6}.Debug|x64.Build.0 = Debug|Any CPU
		{FA7EFC0B-36BA-4B0C-81F9-9EE677220BF6}.Debug|x86.ActiveCfg = Debug|Any CPU
		{FA7EFC0B-36BA-4B0C-81F9-9EE677220BF6}.Debug|x86.Build.0 = Debug|Any CPU
		{FA7EFC0B-36BA-4B0C-81F9-9EE677220BF6}.Release|Any CPU.ActiveCfg = Release|Any CPU
		{FA7EFC0B-36BA-4B0C-81F9-9EE677220BF6}.Release|Any CPU.Build.0 = Release|Any CPU
		{FA7EFC0B-36BA-4B0C-81F9-9EE677220BF6}.Release|x64.ActiveCfg = Release|Any CPU
		{FA7EFC0B-36BA-4B0C-81F9-9EE677220BF6}.Release|x64.Build.0 = Release|Any CPU
		{FA7EFC0B-36BA-4B0C-81F9-9EE677220BF6}.Release|x86.ActiveCfg = Release|Any CPU
		{FA7EFC0B-36BA-4B0C-81F9-9EE677220BF6}.Release|x86.Build.0 = Release|Any CPU
		{5F5F1CCD-3AA6-45C1-90F7-11C014F3C193}.Debug|Any CPU.ActiveCfg = Debug|Any CPU
		{5F5F1CCD-3AA6-45C1-90F7-11C014F3C193}.Debug|Any CPU.Build.0 = Debug|Any CPU
		{5F5F1CCD-3AA6-45C1-90F7-11C014F3C193}.Debug|x64.ActiveCfg = Debug|Any CPU
		{5F5F1CCD-3AA6-45C1-90F7-11C014F3C193}.Debug|x64.Build.0 = Debug|Any CPU
		{5F5F1CCD-3AA6-45C1-90F7-11C014F3C193}.Debug|x86.ActiveCfg = Debug|Any CPU
		{5F5F1CCD-3AA6-45C1-90F7-11C014F3C193}.Debug|x86.Build.0 = Debug|Any CPU
		{5F5F1CCD-3AA6-45C1-90F7-11C014F3C193}.Release|Any CPU.ActiveCfg = Release|Any CPU
		{5F5F1CCD-3AA6-45C1-90F7-11C014F3C193}.Release|Any CPU.Build.0 = Release|Any CPU
		{5F5F1CCD-3AA6-45C1-90F7-11C014F3C193}.Release|x64.ActiveCfg = Release|Any CPU
		{5F5F1CCD-3AA6-45C1-90F7-11C014F3C193}.Release|x64.Build.0 = Release|Any CPU
		{5F5F1CCD-3AA6-45C1-90F7-11C014F3C193}.Release|x86.ActiveCfg = Release|Any CPU
		{5F5F1CCD-3AA6-45C1-90F7-11C014F3C193}.Release|x86.Build.0 = Release|Any CPU
		{229B9E50-0144-417D-B61C-8429A2A4D94E}.Debug|Any CPU.ActiveCfg = Debug|Any CPU
		{229B9E50-0144-417D-B61C-8429A2A4D94E}.Debug|Any CPU.Build.0 = Debug|Any CPU
		{229B9E50-0144-417D-B61C-8429A2A4D94E}.Debug|x64.ActiveCfg = Debug|Any CPU
		{229B9E50-0144-417D-B61C-8429A2A4D94E}.Debug|x64.Build.0 = Debug|Any CPU
		{229B9E50-0144-417D-B61C-8429A2A4D94E}.Debug|x86.ActiveCfg = Debug|Any CPU
		{229B9E50-0144-417D-B61C-8429A2A4D94E}.Debug|x86.Build.0 = Debug|Any CPU
		{229B9E50-0144-417D-B61C-8429A2A4D94E}.Release|Any CPU.ActiveCfg = Release|Any CPU
		{229B9E50-0144-417D-B61C-8429A2A4D94E}.Release|Any CPU.Build.0 = Release|Any CPU
		{229B9E50-0144-417D-B61C-8429A2A4D94E}.Release|x64.ActiveCfg = Release|Any CPU
		{229B9E50-0144-417D-B61C-8429A2A4D94E}.Release|x64.Build.0 = Release|Any CPU
		{229B9E50-0144-417D-B61C-8429A2A4D94E}.Release|x86.ActiveCfg = Release|Any CPU
		{229B9E50-0144-417D-B61C-8429A2A4D94E}.Release|x86.Build.0 = Release|Any CPU
		{3100E719-DAF9-4718-8409-258B329AF60A}.Debug|Any CPU.ActiveCfg = Debug|Any CPU
		{3100E719-DAF9-4718-8409-258B329AF60A}.Debug|Any CPU.Build.0 = Debug|Any CPU
		{3100E719-DAF9-4718-8409-258B329AF60A}.Debug|x64.ActiveCfg = Debug|Any CPU
		{3100E719-DAF9-4718-8409-258B329AF60A}.Debug|x64.Build.0 = Debug|Any CPU
		{3100E719-DAF9-4718-8409-258B329AF60A}.Debug|x86.ActiveCfg = Debug|Any CPU
		{3100E719-DAF9-4718-8409-258B329AF60A}.Debug|x86.Build.0 = Debug|Any CPU
		{3100E719-DAF9-4718-8409-258B329AF60A}.Release|Any CPU.ActiveCfg = Release|Any CPU
		{3100E719-DAF9-4718-8409-258B329AF60A}.Release|Any CPU.Build.0 = Release|Any CPU
		{3100E719-DAF9-4718-8409-258B329AF60A}.Release|x64.ActiveCfg = Release|Any CPU
		{3100E719-DAF9-4718-8409-258B329AF60A}.Release|x64.Build.0 = Release|Any CPU
		{3100E719-DAF9-4718-8409-258B329AF60A}.Release|x86.ActiveCfg = Release|Any CPU
		{3100E719-DAF9-4718-8409-258B329AF60A}.Release|x86.Build.0 = Release|Any CPU
		{08FB8F0E-A33C-451D-A5E0-6359C93D2B5C}.Debug|Any CPU.ActiveCfg = Debug|Any CPU
		{08FB8F0E-A33C-451D-A5E0-6359C93D2B5C}.Debug|Any CPU.Build.0 = Debug|Any CPU
		{08FB8F0E-A33C-451D-A5E0-6359C93D2B5C}.Debug|x64.ActiveCfg = Debug|Any CPU
		{08FB8F0E-A33C-451D-A5E0-6359C93D2B5C}.Debug|x64.Build.0 = Debug|Any CPU
		{08FB8F0E-A33C-451D-A5E0-6359C93D2B5C}.Debug|x86.ActiveCfg = Debug|Any CPU
		{08FB8F0E-A33C-451D-A5E0-6359C93D2B5C}.Debug|x86.Build.0 = Debug|Any CPU
		{08FB8F0E-A33C-451D-A5E0-6359C93D2B5C}.Release|Any CPU.ActiveCfg = Release|Any CPU
		{08FB8F0E-A33C-451D-A5E0-6359C93D2B5C}.Release|Any CPU.Build.0 = Release|Any CPU
		{08FB8F0E-A33C-451D-A5E0-6359C93D2B5C}.Release|x64.ActiveCfg = Release|Any CPU
		{08FB8F0E-A33C-451D-A5E0-6359C93D2B5C}.Release|x64.Build.0 = Release|Any CPU
		{08FB8F0E-A33C-451D-A5E0-6359C93D2B5C}.Release|x86.ActiveCfg = Release|Any CPU
		{08FB8F0E-A33C-451D-A5E0-6359C93D2B5C}.Release|x86.Build.0 = Release|Any CPU
		{F1CC97EB-E7D6-4157-9C29-A97A2B0B02A1}.Debug|Any CPU.ActiveCfg = Debug|Any CPU
		{F1CC97EB-E7D6-4157-9C29-A97A2B0B02A1}.Debug|Any CPU.Build.0 = Debug|Any CPU
		{F1CC97EB-E7D6-4157-9C29-A97A2B0B02A1}.Debug|x64.ActiveCfg = Debug|Any CPU
		{F1CC97EB-E7D6-4157-9C29-A97A2B0B02A1}.Debug|x64.Build.0 = Debug|Any CPU
		{F1CC97EB-E7D6-4157-9C29-A97A2B0B02A1}.Debug|x86.ActiveCfg = Debug|Any CPU
		{F1CC97EB-E7D6-4157-9C29-A97A2B0B02A1}.Debug|x86.Build.0 = Debug|Any CPU
		{F1CC97EB-E7D6-4157-9C29-A97A2B0B02A1}.Release|Any CPU.ActiveCfg = Release|Any CPU
		{F1CC97EB-E7D6-4157-9C29-A97A2B0B02A1}.Release|Any CPU.Build.0 = Release|Any CPU
		{F1CC97EB-E7D6-4157-9C29-A97A2B0B02A1}.Release|x64.ActiveCfg = Release|Any CPU
		{F1CC97EB-E7D6-4157-9C29-A97A2B0B02A1}.Release|x64.Build.0 = Release|Any CPU
		{F1CC97EB-E7D6-4157-9C29-A97A2B0B02A1}.Release|x86.ActiveCfg = Release|Any CPU
		{F1CC97EB-E7D6-4157-9C29-A97A2B0B02A1}.Release|x86.Build.0 = Release|Any CPU
		{081553D2-39BD-4B56-9B2B-553347EAED2C}.Debug|Any CPU.ActiveCfg = Debug|Any CPU
		{081553D2-39BD-4B56-9B2B-553347EAED2C}.Debug|Any CPU.Build.0 = Debug|Any CPU
		{081553D2-39BD-4B56-9B2B-553347EAED2C}.Debug|x64.ActiveCfg = Debug|Any CPU
		{081553D2-39BD-4B56-9B2B-553347EAED2C}.Debug|x64.Build.0 = Debug|Any CPU
		{081553D2-39BD-4B56-9B2B-553347EAED2C}.Debug|x86.ActiveCfg = Debug|Any CPU
		{081553D2-39BD-4B56-9B2B-553347EAED2C}.Debug|x86.Build.0 = Debug|Any CPU
		{081553D2-39BD-4B56-9B2B-553347EAED2C}.Release|Any CPU.ActiveCfg = Release|Any CPU
		{081553D2-39BD-4B56-9B2B-553347EAED2C}.Release|Any CPU.Build.0 = Release|Any CPU
		{081553D2-39BD-4B56-9B2B-553347EAED2C}.Release|x64.ActiveCfg = Release|Any CPU
		{081553D2-39BD-4B56-9B2B-553347EAED2C}.Release|x64.Build.0 = Release|Any CPU
		{081553D2-39BD-4B56-9B2B-553347EAED2C}.Release|x86.ActiveCfg = Release|Any CPU
		{081553D2-39BD-4B56-9B2B-553347EAED2C}.Release|x86.Build.0 = Release|Any CPU
		{82C0EC9A-C0BE-41A1-9DD1-6AA0B4715F7A}.Debug|Any CPU.ActiveCfg = Debug|Any CPU
		{82C0EC9A-C0BE-41A1-9DD1-6AA0B4715F7A}.Debug|Any CPU.Build.0 = Debug|Any CPU
		{82C0EC9A-C0BE-41A1-9DD1-6AA0B4715F7A}.Debug|x64.ActiveCfg = Debug|Any CPU
		{82C0EC9A-C0BE-41A1-9DD1-6AA0B4715F7A}.Debug|x64.Build.0 = Debug|Any CPU
		{82C0EC9A-C0BE-41A1-9DD1-6AA0B4715F7A}.Debug|x86.ActiveCfg = Debug|Any CPU
		{82C0EC9A-C0BE-41A1-9DD1-6AA0B4715F7A}.Debug|x86.Build.0 = Debug|Any CPU
		{82C0EC9A-C0BE-41A1-9DD1-6AA0B4715F7A}.Release|Any CPU.ActiveCfg = Release|Any CPU
		{82C0EC9A-C0BE-41A1-9DD1-6AA0B4715F7A}.Release|Any CPU.Build.0 = Release|Any CPU
		{82C0EC9A-C0BE-41A1-9DD1-6AA0B4715F7A}.Release|x64.ActiveCfg = Release|Any CPU
		{82C0EC9A-C0BE-41A1-9DD1-6AA0B4715F7A}.Release|x64.Build.0 = Release|Any CPU
		{82C0EC9A-C0BE-41A1-9DD1-6AA0B4715F7A}.Release|x86.ActiveCfg = Release|Any CPU
		{82C0EC9A-C0BE-41A1-9DD1-6AA0B4715F7A}.Release|x86.Build.0 = Release|Any CPU
		{C7EB4E23-2164-4513-A147-4FFA843CD3BA}.Debug|Any CPU.ActiveCfg = Debug|Any CPU
		{C7EB4E23-2164-4513-A147-4FFA843CD3BA}.Debug|Any CPU.Build.0 = Debug|Any CPU
		{C7EB4E23-2164-4513-A147-4FFA843CD3BA}.Debug|x64.ActiveCfg = Debug|Any CPU
		{C7EB4E23-2164-4513-A147-4FFA843CD3BA}.Debug|x64.Build.0 = Debug|Any CPU
		{C7EB4E23-2164-4513-A147-4FFA843CD3BA}.Debug|x86.ActiveCfg = Debug|Any CPU
		{C7EB4E23-2164-4513-A147-4FFA843CD3BA}.Debug|x86.Build.0 = Debug|Any CPU
		{C7EB4E23-2164-4513-A147-4FFA843CD3BA}.Release|Any CPU.ActiveCfg = Release|Any CPU
		{C7EB4E23-2164-4513-A147-4FFA843CD3BA}.Release|Any CPU.Build.0 = Release|Any CPU
		{C7EB4E23-2164-4513-A147-4FFA843CD3BA}.Release|x64.ActiveCfg = Release|Any CPU
		{C7EB4E23-2164-4513-A147-4FFA843CD3BA}.Release|x64.Build.0 = Release|Any CPU
		{C7EB4E23-2164-4513-A147-4FFA843CD3BA}.Release|x86.ActiveCfg = Release|Any CPU
		{C7EB4E23-2164-4513-A147-4FFA843CD3BA}.Release|x86.Build.0 = Release|Any CPU
		{19EB4697-2CEA-4D48-BC2B-A84F931CE765}.Debug|Any CPU.ActiveCfg = Debug|Any CPU
		{19EB4697-2CEA-4D48-BC2B-A84F931CE765}.Debug|Any CPU.Build.0 = Debug|Any CPU
		{19EB4697-2CEA-4D48-BC2B-A84F931CE765}.Debug|x64.ActiveCfg = Debug|Any CPU
		{19EB4697-2CEA-4D48-BC2B-A84F931CE765}.Debug|x64.Build.0 = Debug|Any CPU
		{19EB4697-2CEA-4D48-BC2B-A84F931CE765}.Debug|x86.ActiveCfg = Debug|Any CPU
		{19EB4697-2CEA-4D48-BC2B-A84F931CE765}.Debug|x86.Build.0 = Debug|Any CPU
		{19EB4697-2CEA-4D48-BC2B-A84F931CE765}.Release|Any CPU.ActiveCfg = Release|Any CPU
		{19EB4697-2CEA-4D48-BC2B-A84F931CE765}.Release|Any CPU.Build.0 = Release|Any CPU
		{19EB4697-2CEA-4D48-BC2B-A84F931CE765}.Release|x64.ActiveCfg = Release|Any CPU
		{19EB4697-2CEA-4D48-BC2B-A84F931CE765}.Release|x64.Build.0 = Release|Any CPU
		{19EB4697-2CEA-4D48-BC2B-A84F931CE765}.Release|x86.ActiveCfg = Release|Any CPU
		{19EB4697-2CEA-4D48-BC2B-A84F931CE765}.Release|x86.Build.0 = Release|Any CPU
		{554577B2-7C61-4259-ACE9-52CF972882A5}.Debug|Any CPU.ActiveCfg = Debug|Any CPU
		{554577B2-7C61-4259-ACE9-52CF972882A5}.Debug|Any CPU.Build.0 = Debug|Any CPU
		{554577B2-7C61-4259-ACE9-52CF972882A5}.Debug|x64.ActiveCfg = Debug|Any CPU
		{554577B2-7C61-4259-ACE9-52CF972882A5}.Debug|x64.Build.0 = Debug|Any CPU
		{554577B2-7C61-4259-ACE9-52CF972882A5}.Debug|x86.ActiveCfg = Debug|Any CPU
		{554577B2-7C61-4259-ACE9-52CF972882A5}.Debug|x86.Build.0 = Debug|Any CPU
		{554577B2-7C61-4259-ACE9-52CF972882A5}.Release|Any CPU.ActiveCfg = Release|Any CPU
		{554577B2-7C61-4259-ACE9-52CF972882A5}.Release|Any CPU.Build.0 = Release|Any CPU
		{554577B2-7C61-4259-ACE9-52CF972882A5}.Release|x64.ActiveCfg = Release|Any CPU
		{554577B2-7C61-4259-ACE9-52CF972882A5}.Release|x64.Build.0 = Release|Any CPU
		{554577B2-7C61-4259-ACE9-52CF972882A5}.Release|x86.ActiveCfg = Release|Any CPU
		{554577B2-7C61-4259-ACE9-52CF972882A5}.Release|x86.Build.0 = Release|Any CPU
		{725F0AB9-9C90-4AA3-B85A-C70AB8C75C96}.Debug|Any CPU.ActiveCfg = Debug|Any CPU
		{725F0AB9-9C90-4AA3-B85A-C70AB8C75C96}.Debug|Any CPU.Build.0 = Debug|Any CPU
		{725F0AB9-9C90-4AA3-B85A-C70AB8C75C96}.Debug|x64.ActiveCfg = Debug|Any CPU
		{725F0AB9-9C90-4AA3-B85A-C70AB8C75C96}.Debug|x64.Build.0 = Debug|Any CPU
		{725F0AB9-9C90-4AA3-B85A-C70AB8C75C96}.Debug|x86.ActiveCfg = Debug|Any CPU
		{725F0AB9-9C90-4AA3-B85A-C70AB8C75C96}.Debug|x86.Build.0 = Debug|Any CPU
		{725F0AB9-9C90-4AA3-B85A-C70AB8C75C96}.Release|Any CPU.ActiveCfg = Release|Any CPU
		{725F0AB9-9C90-4AA3-B85A-C70AB8C75C96}.Release|Any CPU.Build.0 = Release|Any CPU
		{725F0AB9-9C90-4AA3-B85A-C70AB8C75C96}.Release|x64.ActiveCfg = Release|Any CPU
		{725F0AB9-9C90-4AA3-B85A-C70AB8C75C96}.Release|x64.Build.0 = Release|Any CPU
		{725F0AB9-9C90-4AA3-B85A-C70AB8C75C96}.Release|x86.ActiveCfg = Release|Any CPU
		{725F0AB9-9C90-4AA3-B85A-C70AB8C75C96}.Release|x86.Build.0 = Release|Any CPU
		{BAEF2852-CFF4-45CF-9A57-2CF0E6671DB6}.Debug|Any CPU.ActiveCfg = Debug|Any CPU
		{BAEF2852-CFF4-45CF-9A57-2CF0E6671DB6}.Debug|Any CPU.Build.0 = Debug|Any CPU
		{BAEF2852-CFF4-45CF-9A57-2CF0E6671DB6}.Debug|x64.ActiveCfg = Debug|Any CPU
		{BAEF2852-CFF4-45CF-9A57-2CF0E6671DB6}.Debug|x64.Build.0 = Debug|Any CPU
		{BAEF2852-CFF4-45CF-9A57-2CF0E6671DB6}.Debug|x86.ActiveCfg = Debug|Any CPU
		{BAEF2852-CFF4-45CF-9A57-2CF0E6671DB6}.Debug|x86.Build.0 = Debug|Any CPU
		{BAEF2852-CFF4-45CF-9A57-2CF0E6671DB6}.Release|Any CPU.ActiveCfg = Release|Any CPU
		{BAEF2852-CFF4-45CF-9A57-2CF0E6671DB6}.Release|Any CPU.Build.0 = Release|Any CPU
		{BAEF2852-CFF4-45CF-9A57-2CF0E6671DB6}.Release|x64.ActiveCfg = Release|Any CPU
		{BAEF2852-CFF4-45CF-9A57-2CF0E6671DB6}.Release|x64.Build.0 = Release|Any CPU
		{BAEF2852-CFF4-45CF-9A57-2CF0E6671DB6}.Release|x86.ActiveCfg = Release|Any CPU
		{BAEF2852-CFF4-45CF-9A57-2CF0E6671DB6}.Release|x86.Build.0 = Release|Any CPU
		{814EC8F6-AB52-4CAD-8F82-5D633F4637B9}.Debug|Any CPU.ActiveCfg = Debug|Any CPU
		{814EC8F6-AB52-4CAD-8F82-5D633F4637B9}.Debug|Any CPU.Build.0 = Debug|Any CPU
		{814EC8F6-AB52-4CAD-8F82-5D633F4637B9}.Debug|x64.ActiveCfg = Debug|Any CPU
		{814EC8F6-AB52-4CAD-8F82-5D633F4637B9}.Debug|x64.Build.0 = Debug|Any CPU
		{814EC8F6-AB52-4CAD-8F82-5D633F4637B9}.Debug|x86.ActiveCfg = Debug|Any CPU
		{814EC8F6-AB52-4CAD-8F82-5D633F4637B9}.Debug|x86.Build.0 = Debug|Any CPU
		{814EC8F6-AB52-4CAD-8F82-5D633F4637B9}.Release|Any CPU.ActiveCfg = Release|Any CPU
		{814EC8F6-AB52-4CAD-8F82-5D633F4637B9}.Release|Any CPU.Build.0 = Release|Any CPU
		{814EC8F6-AB52-4CAD-8F82-5D633F4637B9}.Release|x64.ActiveCfg = Release|Any CPU
		{814EC8F6-AB52-4CAD-8F82-5D633F4637B9}.Release|x64.Build.0 = Release|Any CPU
		{814EC8F6-AB52-4CAD-8F82-5D633F4637B9}.Release|x86.ActiveCfg = Release|Any CPU
		{814EC8F6-AB52-4CAD-8F82-5D633F4637B9}.Release|x86.Build.0 = Release|Any CPU
		{099AEF01-2F33-4D3D-99D3-A4F373C7A431}.Debug|Any CPU.ActiveCfg = Debug|Any CPU
		{099AEF01-2F33-4D3D-99D3-A4F373C7A431}.Debug|Any CPU.Build.0 = Debug|Any CPU
		{099AEF01-2F33-4D3D-99D3-A4F373C7A431}.Debug|x64.ActiveCfg = Debug|Any CPU
		{099AEF01-2F33-4D3D-99D3-A4F373C7A431}.Debug|x64.Build.0 = Debug|Any CPU
		{099AEF01-2F33-4D3D-99D3-A4F373C7A431}.Debug|x86.ActiveCfg = Debug|Any CPU
		{099AEF01-2F33-4D3D-99D3-A4F373C7A431}.Debug|x86.Build.0 = Debug|Any CPU
		{099AEF01-2F33-4D3D-99D3-A4F373C7A431}.Release|Any CPU.ActiveCfg = Release|Any CPU
		{099AEF01-2F33-4D3D-99D3-A4F373C7A431}.Release|Any CPU.Build.0 = Release|Any CPU
		{099AEF01-2F33-4D3D-99D3-A4F373C7A431}.Release|x64.ActiveCfg = Release|Any CPU
		{099AEF01-2F33-4D3D-99D3-A4F373C7A431}.Release|x64.Build.0 = Release|Any CPU
		{099AEF01-2F33-4D3D-99D3-A4F373C7A431}.Release|x86.ActiveCfg = Release|Any CPU
		{099AEF01-2F33-4D3D-99D3-A4F373C7A431}.Release|x86.Build.0 = Release|Any CPU
		{28BC3B9F-BA55-45C8-AB25-E7DFC54E49A8}.Debug|Any CPU.ActiveCfg = Debug|Any CPU
		{28BC3B9F-BA55-45C8-AB25-E7DFC54E49A8}.Debug|Any CPU.Build.0 = Debug|Any CPU
		{28BC3B9F-BA55-45C8-AB25-E7DFC54E49A8}.Debug|x64.ActiveCfg = Debug|Any CPU
		{28BC3B9F-BA55-45C8-AB25-E7DFC54E49A8}.Debug|x64.Build.0 = Debug|Any CPU
		{28BC3B9F-BA55-45C8-AB25-E7DFC54E49A8}.Debug|x86.ActiveCfg = Debug|Any CPU
		{28BC3B9F-BA55-45C8-AB25-E7DFC54E49A8}.Debug|x86.Build.0 = Debug|Any CPU
		{28BC3B9F-BA55-45C8-AB25-E7DFC54E49A8}.Release|Any CPU.ActiveCfg = Release|Any CPU
		{28BC3B9F-BA55-45C8-AB25-E7DFC54E49A8}.Release|Any CPU.Build.0 = Release|Any CPU
		{28BC3B9F-BA55-45C8-AB25-E7DFC54E49A8}.Release|x64.ActiveCfg = Release|Any CPU
		{28BC3B9F-BA55-45C8-AB25-E7DFC54E49A8}.Release|x64.Build.0 = Release|Any CPU
		{28BC3B9F-BA55-45C8-AB25-E7DFC54E49A8}.Release|x86.ActiveCfg = Release|Any CPU
		{28BC3B9F-BA55-45C8-AB25-E7DFC54E49A8}.Release|x86.Build.0 = Release|Any CPU
		{FD9CACC3-972F-4738-B049-79DE0A839FAB}.Debug|Any CPU.ActiveCfg = Debug|Any CPU
		{FD9CACC3-972F-4738-B049-79DE0A839FAB}.Debug|Any CPU.Build.0 = Debug|Any CPU
		{FD9CACC3-972F-4738-B049-79DE0A839FAB}.Debug|x64.ActiveCfg = Debug|Any CPU
		{FD9CACC3-972F-4738-B049-79DE0A839FAB}.Debug|x64.Build.0 = Debug|Any CPU
		{FD9CACC3-972F-4738-B049-79DE0A839FAB}.Debug|x86.ActiveCfg = Debug|Any CPU
		{FD9CACC3-972F-4738-B049-79DE0A839FAB}.Debug|x86.Build.0 = Debug|Any CPU
		{FD9CACC3-972F-4738-B049-79DE0A839FAB}.Release|Any CPU.ActiveCfg = Release|Any CPU
		{FD9CACC3-972F-4738-B049-79DE0A839FAB}.Release|Any CPU.Build.0 = Release|Any CPU
		{FD9CACC3-972F-4738-B049-79DE0A839FAB}.Release|x64.ActiveCfg = Release|Any CPU
		{FD9CACC3-972F-4738-B049-79DE0A839FAB}.Release|x64.Build.0 = Release|Any CPU
		{FD9CACC3-972F-4738-B049-79DE0A839FAB}.Release|x86.ActiveCfg = Release|Any CPU
		{FD9CACC3-972F-4738-B049-79DE0A839FAB}.Release|x86.Build.0 = Release|Any CPU
		{4B10E30F-5FDD-4E30-BA5E-54173A1ED2B0}.Debug|Any CPU.ActiveCfg = Debug|Any CPU
		{4B10E30F-5FDD-4E30-BA5E-54173A1ED2B0}.Debug|Any CPU.Build.0 = Debug|Any CPU
		{4B10E30F-5FDD-4E30-BA5E-54173A1ED2B0}.Debug|x64.ActiveCfg = Debug|Any CPU
		{4B10E30F-5FDD-4E30-BA5E-54173A1ED2B0}.Debug|x64.Build.0 = Debug|Any CPU
		{4B10E30F-5FDD-4E30-BA5E-54173A1ED2B0}.Debug|x86.ActiveCfg = Debug|Any CPU
		{4B10E30F-5FDD-4E30-BA5E-54173A1ED2B0}.Debug|x86.Build.0 = Debug|Any CPU
		{4B10E30F-5FDD-4E30-BA5E-54173A1ED2B0}.Release|Any CPU.ActiveCfg = Release|Any CPU
		{4B10E30F-5FDD-4E30-BA5E-54173A1ED2B0}.Release|Any CPU.Build.0 = Release|Any CPU
		{4B10E30F-5FDD-4E30-BA5E-54173A1ED2B0}.Release|x64.ActiveCfg = Release|Any CPU
		{4B10E30F-5FDD-4E30-BA5E-54173A1ED2B0}.Release|x64.Build.0 = Release|Any CPU
		{4B10E30F-5FDD-4E30-BA5E-54173A1ED2B0}.Release|x86.ActiveCfg = Release|Any CPU
		{4B10E30F-5FDD-4E30-BA5E-54173A1ED2B0}.Release|x86.Build.0 = Release|Any CPU
		{5BF88D5C-38BA-4A55-867A-40D32A4F1897}.Debug|Any CPU.ActiveCfg = Debug|Any CPU
		{5BF88D5C-38BA-4A55-867A-40D32A4F1897}.Debug|Any CPU.Build.0 = Debug|Any CPU
		{5BF88D5C-38BA-4A55-867A-40D32A4F1897}.Debug|x64.ActiveCfg = Debug|Any CPU
		{5BF88D5C-38BA-4A55-867A-40D32A4F1897}.Debug|x64.Build.0 = Debug|Any CPU
		{5BF88D5C-38BA-4A55-867A-40D32A4F1897}.Debug|x86.ActiveCfg = Debug|Any CPU
		{5BF88D5C-38BA-4A55-867A-40D32A4F1897}.Debug|x86.Build.0 = Debug|Any CPU
		{5BF88D5C-38BA-4A55-867A-40D32A4F1897}.Release|Any CPU.ActiveCfg = Release|Any CPU
		{5BF88D5C-38BA-4A55-867A-40D32A4F1897}.Release|Any CPU.Build.0 = Release|Any CPU
		{5BF88D5C-38BA-4A55-867A-40D32A4F1897}.Release|x64.ActiveCfg = Release|Any CPU
		{5BF88D5C-38BA-4A55-867A-40D32A4F1897}.Release|x64.Build.0 = Release|Any CPU
		{5BF88D5C-38BA-4A55-867A-40D32A4F1897}.Release|x86.ActiveCfg = Release|Any CPU
		{5BF88D5C-38BA-4A55-867A-40D32A4F1897}.Release|x86.Build.0 = Release|Any CPU
		{AED8FD24-B4B7-4357-9424-A12E27E03DE9}.Debug|Any CPU.ActiveCfg = Debug|Any CPU
		{AED8FD24-B4B7-4357-9424-A12E27E03DE9}.Debug|Any CPU.Build.0 = Debug|Any CPU
		{AED8FD24-B4B7-4357-9424-A12E27E03DE9}.Debug|x64.ActiveCfg = Debug|Any CPU
		{AED8FD24-B4B7-4357-9424-A12E27E03DE9}.Debug|x64.Build.0 = Debug|Any CPU
		{AED8FD24-B4B7-4357-9424-A12E27E03DE9}.Debug|x86.ActiveCfg = Debug|Any CPU
		{AED8FD24-B4B7-4357-9424-A12E27E03DE9}.Debug|x86.Build.0 = Debug|Any CPU
		{AED8FD24-B4B7-4357-9424-A12E27E03DE9}.Release|Any CPU.ActiveCfg = Release|Any CPU
		{AED8FD24-B4B7-4357-9424-A12E27E03DE9}.Release|Any CPU.Build.0 = Release|Any CPU
		{AED8FD24-B4B7-4357-9424-A12E27E03DE9}.Release|x64.ActiveCfg = Release|Any CPU
		{AED8FD24-B4B7-4357-9424-A12E27E03DE9}.Release|x64.Build.0 = Release|Any CPU
		{AED8FD24-B4B7-4357-9424-A12E27E03DE9}.Release|x86.ActiveCfg = Release|Any CPU
		{AED8FD24-B4B7-4357-9424-A12E27E03DE9}.Release|x86.Build.0 = Release|Any CPU
		{A5013597-BBF5-431B-A5BC-3EEE68A4749A}.Debug|Any CPU.ActiveCfg = Debug|Any CPU
		{A5013597-BBF5-431B-A5BC-3EEE68A4749A}.Debug|Any CPU.Build.0 = Debug|Any CPU
		{A5013597-BBF5-431B-A5BC-3EEE68A4749A}.Debug|x64.ActiveCfg = Debug|Any CPU
		{A5013597-BBF5-431B-A5BC-3EEE68A4749A}.Debug|x64.Build.0 = Debug|Any CPU
		{A5013597-BBF5-431B-A5BC-3EEE68A4749A}.Debug|x86.ActiveCfg = Debug|Any CPU
		{A5013597-BBF5-431B-A5BC-3EEE68A4749A}.Debug|x86.Build.0 = Debug|Any CPU
		{A5013597-BBF5-431B-A5BC-3EEE68A4749A}.Release|Any CPU.ActiveCfg = Release|Any CPU
		{A5013597-BBF5-431B-A5BC-3EEE68A4749A}.Release|Any CPU.Build.0 = Release|Any CPU
		{A5013597-BBF5-431B-A5BC-3EEE68A4749A}.Release|x64.ActiveCfg = Release|Any CPU
		{A5013597-BBF5-431B-A5BC-3EEE68A4749A}.Release|x64.Build.0 = Release|Any CPU
		{A5013597-BBF5-431B-A5BC-3EEE68A4749A}.Release|x86.ActiveCfg = Release|Any CPU
		{A5013597-BBF5-431B-A5BC-3EEE68A4749A}.Release|x86.Build.0 = Release|Any CPU
		{064A2D60-050D-4C6F-AAE7-E48F961F9DA8}.Debug|Any CPU.ActiveCfg = Debug|Any CPU
		{064A2D60-050D-4C6F-AAE7-E48F961F9DA8}.Debug|Any CPU.Build.0 = Debug|Any CPU
		{064A2D60-050D-4C6F-AAE7-E48F961F9DA8}.Debug|x64.ActiveCfg = Debug|Any CPU
		{064A2D60-050D-4C6F-AAE7-E48F961F9DA8}.Debug|x64.Build.0 = Debug|Any CPU
		{064A2D60-050D-4C6F-AAE7-E48F961F9DA8}.Debug|x86.ActiveCfg = Debug|Any CPU
		{064A2D60-050D-4C6F-AAE7-E48F961F9DA8}.Debug|x86.Build.0 = Debug|Any CPU
		{064A2D60-050D-4C6F-AAE7-E48F961F9DA8}.Release|Any CPU.ActiveCfg = Release|Any CPU
		{064A2D60-050D-4C6F-AAE7-E48F961F9DA8}.Release|Any CPU.Build.0 = Release|Any CPU
		{064A2D60-050D-4C6F-AAE7-E48F961F9DA8}.Release|x64.ActiveCfg = Release|Any CPU
		{064A2D60-050D-4C6F-AAE7-E48F961F9DA8}.Release|x64.Build.0 = Release|Any CPU
		{064A2D60-050D-4C6F-AAE7-E48F961F9DA8}.Release|x86.ActiveCfg = Release|Any CPU
		{064A2D60-050D-4C6F-AAE7-E48F961F9DA8}.Release|x86.Build.0 = Release|Any CPU
		{F98233F5-6634-4AC2-817A-C74580E17269}.Debug|Any CPU.ActiveCfg = Debug|Any CPU
		{F98233F5-6634-4AC2-817A-C74580E17269}.Debug|Any CPU.Build.0 = Debug|Any CPU
		{F98233F5-6634-4AC2-817A-C74580E17269}.Debug|x64.ActiveCfg = Debug|Any CPU
		{F98233F5-6634-4AC2-817A-C74580E17269}.Debug|x64.Build.0 = Debug|Any CPU
		{F98233F5-6634-4AC2-817A-C74580E17269}.Debug|x86.ActiveCfg = Debug|Any CPU
		{F98233F5-6634-4AC2-817A-C74580E17269}.Debug|x86.Build.0 = Debug|Any CPU
		{F98233F5-6634-4AC2-817A-C74580E17269}.Release|Any CPU.ActiveCfg = Release|Any CPU
		{F98233F5-6634-4AC2-817A-C74580E17269}.Release|Any CPU.Build.0 = Release|Any CPU
		{F98233F5-6634-4AC2-817A-C74580E17269}.Release|x64.ActiveCfg = Release|Any CPU
		{F98233F5-6634-4AC2-817A-C74580E17269}.Release|x64.Build.0 = Release|Any CPU
		{F98233F5-6634-4AC2-817A-C74580E17269}.Release|x86.ActiveCfg = Release|Any CPU
		{F98233F5-6634-4AC2-817A-C74580E17269}.Release|x86.Build.0 = Release|Any CPU
		{D7984344-1203-4D81-AC1C-C8F2D057D239}.Debug|Any CPU.ActiveCfg = Debug|Any CPU
		{D7984344-1203-4D81-AC1C-C8F2D057D239}.Debug|Any CPU.Build.0 = Debug|Any CPU
		{D7984344-1203-4D81-AC1C-C8F2D057D239}.Debug|x64.ActiveCfg = Debug|Any CPU
		{D7984344-1203-4D81-AC1C-C8F2D057D239}.Debug|x64.Build.0 = Debug|Any CPU
		{D7984344-1203-4D81-AC1C-C8F2D057D239}.Debug|x86.ActiveCfg = Debug|Any CPU
		{D7984344-1203-4D81-AC1C-C8F2D057D239}.Debug|x86.Build.0 = Debug|Any CPU
		{D7984344-1203-4D81-AC1C-C8F2D057D239}.Release|Any CPU.ActiveCfg = Release|Any CPU
		{D7984344-1203-4D81-AC1C-C8F2D057D239}.Release|Any CPU.Build.0 = Release|Any CPU
		{D7984344-1203-4D81-AC1C-C8F2D057D239}.Release|x64.ActiveCfg = Release|Any CPU
		{D7984344-1203-4D81-AC1C-C8F2D057D239}.Release|x64.Build.0 = Release|Any CPU
		{D7984344-1203-4D81-AC1C-C8F2D057D239}.Release|x86.ActiveCfg = Release|Any CPU
		{D7984344-1203-4D81-AC1C-C8F2D057D239}.Release|x86.Build.0 = Release|Any CPU
	EndGlobalSection
	GlobalSection(SolutionProperties) = preSolution
		HideSolutionNode = FALSE
	EndGlobalSection
	GlobalSection(NestedProjects) = preSolution
		{0D1A7686-586E-4D09-AB03-A2273CFDC312} = {008DB257-32E8-4B22-B5D5-2519AF502BFA}
		{3E29DC48-25DA-4146-9F7C-743A6B526ED1} = {008DB257-32E8-4B22-B5D5-2519AF502BFA}
		{778916C5-3409-420E-BF4A-CA62A7947696} = {008DB257-32E8-4B22-B5D5-2519AF502BFA}
		{FA7EFC0B-36BA-4B0C-81F9-9EE677220BF6} = {008DB257-32E8-4B22-B5D5-2519AF502BFA}
		{5F5F1CCD-3AA6-45C1-90F7-11C014F3C193} = {008DB257-32E8-4B22-B5D5-2519AF502BFA}
		{229B9E50-0144-417D-B61C-8429A2A4D94E} = {008DB257-32E8-4B22-B5D5-2519AF502BFA}
		{3100E719-DAF9-4718-8409-258B329AF60A} = {008DB257-32E8-4B22-B5D5-2519AF502BFA}
		{08FB8F0E-A33C-451D-A5E0-6359C93D2B5C} = {008DB257-32E8-4B22-B5D5-2519AF502BFA}
		{F1CC97EB-E7D6-4157-9C29-A97A2B0B02A1} = {008DB257-32E8-4B22-B5D5-2519AF502BFA}
		{081553D2-39BD-4B56-9B2B-553347EAED2C} = {008DB257-32E8-4B22-B5D5-2519AF502BFA}
		{82C0EC9A-C0BE-41A1-9DD1-6AA0B4715F7A} = {008DB257-32E8-4B22-B5D5-2519AF502BFA}
		{C7EB4E23-2164-4513-A147-4FFA843CD3BA} = {008DB257-32E8-4B22-B5D5-2519AF502BFA}
		{19EB4697-2CEA-4D48-BC2B-A84F931CE765} = {008DB257-32E8-4B22-B5D5-2519AF502BFA}
		{554577B2-7C61-4259-ACE9-52CF972882A5} = {008DB257-32E8-4B22-B5D5-2519AF502BFA}
		{725F0AB9-9C90-4AA3-B85A-C70AB8C75C96} = {008DB257-32E8-4B22-B5D5-2519AF502BFA}
		{BAEF2852-CFF4-45CF-9A57-2CF0E6671DB6} = {008DB257-32E8-4B22-B5D5-2519AF502BFA}
		{814EC8F6-AB52-4CAD-8F82-5D633F4637B9} = {008DB257-32E8-4B22-B5D5-2519AF502BFA}
		{099AEF01-2F33-4D3D-99D3-A4F373C7A431} = {008DB257-32E8-4B22-B5D5-2519AF502BFA}
		{28BC3B9F-BA55-45C8-AB25-E7DFC54E49A8} = {008DB257-32E8-4B22-B5D5-2519AF502BFA}
		{FD9CACC3-972F-4738-B049-79DE0A839FAB} = {008DB257-32E8-4B22-B5D5-2519AF502BFA}
		{4B10E30F-5FDD-4E30-BA5E-54173A1ED2B0} = {008DB257-32E8-4B22-B5D5-2519AF502BFA}
		{5BF88D5C-38BA-4A55-867A-40D32A4F1897} = {008DB257-32E8-4B22-B5D5-2519AF502BFA}
		{AED8FD24-B4B7-4357-9424-A12E27E03DE9} = {008DB257-32E8-4B22-B5D5-2519AF502BFA}
		{A5013597-BBF5-431B-A5BC-3EEE68A4749A} = {008DB257-32E8-4B22-B5D5-2519AF502BFA}
		{064A2D60-050D-4C6F-AAE7-E48F961F9DA8} = {008DB257-32E8-4B22-B5D5-2519AF502BFA}
		{F98233F5-6634-4AC2-817A-C74580E17269} = {008DB257-32E8-4B22-B5D5-2519AF502BFA}
		{D7984344-1203-4D81-AC1C-C8F2D057D239} = {008DB257-32E8-4B22-B5D5-2519AF502BFA}
	EndGlobalSection
	GlobalSection(ExtensibilityGlobals) = postSolution
		SolutionGuid = {73F9696B-8999-4A6A-AD15-2822C39FE8A5}
	EndGlobalSection
EndGlobal
